// !$*UTF8*$!
{
	archiveVersion = 1;
	classes = {
	};
	objectVersion = 54;
	objects = {

/* Begin PBXBuildFile section */
		0C80B921A6F3F58F76C31292 /* libPods-CrnaGora.a in Frameworks */ = {isa = PBXBuildFile; fileRef = 5DCACB8F33CDC322A6C60F78 /* libPods-CrnaGora.a */; };
		13B07FBF1A68108700A75B9A /* Images.xcassets in Resources */ = {isa = PBXBuildFile; fileRef = 13B07FB51A68108700A75B9A /* Images.xcassets */; };
		761780ED2CA45674006654EE /* AppDelegate.swift in Sources */ = {isa = PBXBuildFile; fileRef = 761780EC2CA45674006654EE /* AppDelegate.swift */; };
		81AB9BB82411601600AC10FF /* LaunchScreen.storyboard in Resources */ = {isa = PBXBuildFile; fileRef = 81AB9BB72411601600AC10FF /* LaunchScreen.storyboard */; };
		5724732292F842F2B7908C7E /* Urbanist-Black.ttf in Resources */ = {isa = PBXBuildFile; fileRef = 49A920C4D6FA42B39194E3A7 /* Urbanist-Black.ttf */; };
		75C9E65099AA4F94A94ABA25 /* Urbanist-BlackItalic.ttf in Resources */ = {isa = PBXBuildFile; fileRef = DCD934B227A143C0A557AB66 /* Urbanist-BlackItalic.ttf */; };
		A7F9196521CE42D889E9849A /* Urbanist-Bold.ttf in Resources */ = {isa = PBXBuildFile; fileRef = 9A73543910394386A29323FF /* Urbanist-Bold.ttf */; };
		D03E7B121DA54D27A114ACCB /* Urbanist-BoldItalic.ttf in Resources */ = {isa = PBXBuildFile; fileRef = 5A1E210C521E43F6B96E1DA9 /* Urbanist-BoldItalic.ttf */; };
		4ADC2501BD8D40CFA9EC138A /* Urbanist-ExtraBold.ttf in Resources */ = {isa = PBXBuildFile; fileRef = C3EE76BB5414402486A4C138 /* Urbanist-ExtraBold.ttf */; };
		C667E6E69A4740A282975F68 /* Urbanist-ExtraBoldItalic.ttf in Resources */ = {isa = PBXBuildFile; fileRef = 499235137EB5483EB462D163 /* Urbanist-ExtraBoldItalic.ttf */; };
		1C0B7B7054A2485087E23375 /* Urbanist-ExtraLight.ttf in Resources */ = {isa = PBXBuildFile; fileRef = DA84CF57C2A54BAC8CF31F49 /* Urbanist-ExtraLight.ttf */; };
		7AA9CFBA2A2E44EBBDEFCEFD /* Urbanist-ExtraLightItalic.ttf in Resources */ = {isa = PBXBuildFile; fileRef = 6C671414C74D45BAA8425BCE /* Urbanist-ExtraLightItalic.ttf */; };
		EB27DB257C42495DA3DE4644 /* Urbanist-Italic.ttf in Resources */ = {isa = PBXBuildFile; fileRef = C489B896FAE643C7B4154411 /* Urbanist-Italic.ttf */; };
		0871B286ABDC4AABA2C164A4 /* Urbanist-Light.ttf in Resources */ = {isa = PBXBuildFile; fileRef = F4F7A149BB7B494A996217A8 /* Urbanist-Light.ttf */; };
		5E578682485347A49DB7B171 /* Urbanist-LightItalic.ttf in Resources */ = {isa = PBXBuildFile; fileRef = 37A3F82F242543FAAF538737 /* Urbanist-LightItalic.ttf */; };
		8CDABAC9EDA6408DAFFEE573 /* Urbanist-Medium.ttf in Resources */ = {isa = PBXBuildFile; fileRef = A10A864F7C334E67ACD3E9FF /* Urbanist-Medium.ttf */; };
		45E784CA151E4469B3FE6767 /* Urbanist-MediumItalic.ttf in Resources */ = {isa = PBXBuildFile; fileRef = CE47EC96D1134A7594985356 /* Urbanist-MediumItalic.ttf */; };
		50F2897F6B0A46C3AF828C54 /* Urbanist-Regular.ttf in Resources */ = {isa = PBXBuildFile; fileRef = F86B847E1F5949D796E4594A /* Urbanist-Regular.ttf */; };
		BC4FD9C6029843F2B803C2BD /* Urbanist-SemiBold.ttf in Resources */ = {isa = PBXBuildFile; fileRef = 634DCB002D884F44AD7E430B /* Urbanist-SemiBold.ttf */; };
		D333D4889E5B45BEA68C5FBE /* Urbanist-SemiBoldItalic.ttf in Resources */ = {isa = PBXBuildFile; fileRef = D3E0E15A669546C69EBAE533 /* Urbanist-SemiBoldItalic.ttf */; };
		2D60838FE3E24672BAB8E164 /* Urbanist-Thin.ttf in Resources */ = {isa = PBXBuildFile; fileRef = 9EE0B22874F14B5BBE79F5CE /* Urbanist-Thin.ttf */; };
		F32BBC0ABF2D4F228954B8E3 /* Urbanist-ThinItalic.ttf in Resources */ = {isa = PBXBuildFile; fileRef = 4B9B2BB2DDAF4A9FA687F6F4 /* Urbanist-ThinItalic.ttf */; };
/* End PBXBuildFile section */

/* Begin PBXFileReference section */
		13B07F961A680F5B00A75B9A /* CrnaGora.app */ = {isa = PBXFileReference; explicitFileType = wrapper.application; includeInIndex = 0; path = CrnaGora.app; sourceTree = BUILT_PRODUCTS_DIR; };
		13B07FB51A68108700A75B9A /* Images.xcassets */ = {isa = PBXFileReference; lastKnownFileType = folder.assetcatalog; name = Images.xcassets; path = CrnaGora/Images.xcassets; sourceTree = "<group>"; };
		13B07FB61A68108700A75B9A /* Info.plist */ = {isa = PBXFileReference; fileEncoding = 4; lastKnownFileType = text.plist.xml; name = Info.plist; path = CrnaGora/Info.plist; sourceTree = "<group>"; };
		13B07FB81A68108700A75B9A /* PrivacyInfo.xcprivacy */ = {isa = PBXFileReference; fileEncoding = 4; lastKnownFileType = text.plist.xml; name = PrivacyInfo.xcprivacy; path = CrnaGora/PrivacyInfo.xcprivacy; sourceTree = "<group>"; };
		3B4392A12AC88292D35C810B /* Pods-CrnaGora.debug.xcconfig */ = {isa = PBXFileReference; includeInIndex = 1; lastKnownFileType = text.xcconfig; name = "Pods-CrnaGora.debug.xcconfig"; path = "Target Support Files/Pods-CrnaGora/Pods-CrnaGora.debug.xcconfig"; sourceTree = "<group>"; };
		5709B34CF0A7D63546082F79 /* Pods-CrnaGora.release.xcconfig */ = {isa = PBXFileReference; includeInIndex = 1; lastKnownFileType = text.xcconfig; name = "Pods-CrnaGora.release.xcconfig"; path = "Target Support Files/Pods-CrnaGora/Pods-CrnaGora.release.xcconfig"; sourceTree = "<group>"; };
		5DCACB8F33CDC322A6C60F78 /* libPods-CrnaGora.a */ = {isa = PBXFileReference; explicitFileType = archive.ar; includeInIndex = 0; path = "libPods-CrnaGora.a"; sourceTree = BUILT_PRODUCTS_DIR; };
		761780EC2CA45674006654EE /* AppDelegate.swift */ = {isa = PBXFileReference; lastKnownFileType = sourcecode.swift; name = AppDelegate.swift; path = CrnaGora/AppDelegate.swift; sourceTree = "<group>"; };
		81AB9BB72411601600AC10FF /* LaunchScreen.storyboard */ = {isa = PBXFileReference; fileEncoding = 4; lastKnownFileType = file.storyboard; name = LaunchScreen.storyboard; path = CrnaGora/LaunchScreen.storyboard; sourceTree = "<group>"; };
		ED297162215061F000B7C4FE /* JavaScriptCore.framework */ = {isa = PBXFileReference; lastKnownFileType = wrapper.framework; name = JavaScriptCore.framework; path = System/Library/Frameworks/JavaScriptCore.framework; sourceTree = SDKROOT; };
		49A920C4D6FA42B39194E3A7 /* Urbanist-Black.ttf */ = {isa = PBXFileReference; name = "Urbanist-Black.ttf"; path = "../src/assets/fonts/Urbanist-Black.ttf"; sourceTree = "<group>"; fileEncoding = undefined; lastKnownFileType = unknown; explicitFileType = undefined; includeInIndex = 0; };
		DCD934B227A143C0A557AB66 /* Urbanist-BlackItalic.ttf */ = {isa = PBXFileReference; name = "Urbanist-BlackItalic.ttf"; path = "../src/assets/fonts/Urbanist-BlackItalic.ttf"; sourceTree = "<group>"; fileEncoding = undefined; lastKnownFileType = unknown; explicitFileType = undefined; includeInIndex = 0; };
		9A73543910394386A29323FF /* Urbanist-Bold.ttf */ = {isa = PBXFileReference; name = "Urbanist-Bold.ttf"; path = "../src/assets/fonts/Urbanist-Bold.ttf"; sourceTree = "<group>"; fileEncoding = undefined; lastKnownFileType = unknown; explicitFileType = undefined; includeInIndex = 0; };
		5A1E210C521E43F6B96E1DA9 /* Urbanist-BoldItalic.ttf */ = {isa = PBXFileReference; name = "Urbanist-BoldItalic.ttf"; path = "../src/assets/fonts/Urbanist-BoldItalic.ttf"; sourceTree = "<group>"; fileEncoding = undefined; lastKnownFileType = unknown; explicitFileType = undefined; includeInIndex = 0; };
		C3EE76BB5414402486A4C138 /* Urbanist-ExtraBold.ttf */ = {isa = PBXFileReference; name = "Urbanist-ExtraBold.ttf"; path = "../src/assets/fonts/Urbanist-ExtraBold.ttf"; sourceTree = "<group>"; fileEncoding = undefined; lastKnownFileType = unknown; explicitFileType = undefined; includeInIndex = 0; };
		499235137EB5483EB462D163 /* Urbanist-ExtraBoldItalic.ttf */ = {isa = PBXFileReference; name = "Urbanist-ExtraBoldItalic.ttf"; path = "../src/assets/fonts/Urbanist-ExtraBoldItalic.ttf"; sourceTree = "<group>"; fileEncoding = undefined; lastKnownFileType = unknown; explicitFileType = undefined; includeInIndex = 0; };
		DA84CF57C2A54BAC8CF31F49 /* Urbanist-ExtraLight.ttf */ = {isa = PBXFileReference; name = "Urbanist-ExtraLight.ttf"; path = "../src/assets/fonts/Urbanist-ExtraLight.ttf"; sourceTree = "<group>"; fileEncoding = undefined; lastKnownFileType = unknown; explicitFileType = undefined; includeInIndex = 0; };
		6C671414C74D45BAA8425BCE /* Urbanist-ExtraLightItalic.ttf */ = {isa = PBXFileReference; name = "Urbanist-ExtraLightItalic.ttf"; path = "../src/assets/fonts/Urbanist-ExtraLightItalic.ttf"; sourceTree = "<group>"; fileEncoding = undefined; lastKnownFileType = unknown; explicitFileType = undefined; includeInIndex = 0; };
		C489B896FAE643C7B4154411 /* Urbanist-Italic.ttf */ = {isa = PBXFileReference; name = "Urbanist-Italic.ttf"; path = "../src/assets/fonts/Urbanist-Italic.ttf"; sourceTree = "<group>"; fileEncoding = undefined; lastKnownFileType = unknown; explicitFileType = undefined; includeInIndex = 0; };
		F4F7A149BB7B494A996217A8 /* Urbanist-Light.ttf */ = {isa = PBXFileReference; name = "Urbanist-Light.ttf"; path = "../src/assets/fonts/Urbanist-Light.ttf"; sourceTree = "<group>"; fileEncoding = undefined; lastKnownFileType = unknown; explicitFileType = undefined; includeInIndex = 0; };
		37A3F82F242543FAAF538737 /* Urbanist-LightItalic.ttf */ = {isa = PBXFileReference; name = "Urbanist-LightItalic.ttf"; path = "../src/assets/fonts/Urbanist-LightItalic.ttf"; sourceTree = "<group>"; fileEncoding = undefined; lastKnownFileType = unknown; explicitFileType = undefined; includeInIndex = 0; };
		A10A864F7C334E67ACD3E9FF /* Urbanist-Medium.ttf */ = {isa = PBXFileReference; name = "Urbanist-Medium.ttf"; path = "../src/assets/fonts/Urbanist-Medium.ttf"; sourceTree = "<group>"; fileEncoding = undefined; lastKnownFileType = unknown; explicitFileType = undefined; includeInIndex = 0; };
		CE47EC96D1134A7594985356 /* Urbanist-MediumItalic.ttf */ = {isa = PBXFileReference; name = "Urbanist-MediumItalic.ttf"; path = "../src/assets/fonts/Urbanist-MediumItalic.ttf"; sourceTree = "<group>"; fileEncoding = undefined; lastKnownFileType = unknown; explicitFileType = undefined; includeInIndex = 0; };
		F86B847E1F5949D796E4594A /* Urbanist-Regular.ttf */ = {isa = PBXFileReference; name = "Urbanist-Regular.ttf"; path = "../src/assets/fonts/Urbanist-Regular.ttf"; sourceTree = "<group>"; fileEncoding = undefined; lastKnownFileType = unknown; explicitFileType = undefined; includeInIndex = 0; };
		634DCB002D884F44AD7E430B /* Urbanist-SemiBold.ttf */ = {isa = PBXFileReference; name = "Urbanist-SemiBold.ttf"; path = "../src/assets/fonts/Urbanist-SemiBold.ttf"; sourceTree = "<group>"; fileEncoding = undefined; lastKnownFileType = unknown; explicitFileType = undefined; includeInIndex = 0; };
		D3E0E15A669546C69EBAE533 /* Urbanist-SemiBoldItalic.ttf */ = {isa = PBXFileReference; name = "Urbanist-SemiBoldItalic.ttf"; path = "../src/assets/fonts/Urbanist-SemiBoldItalic.ttf"; sourceTree = "<group>"; fileEncoding = undefined; lastKnownFileType = unknown; explicitFileType = undefined; includeInIndex = 0; };
		9EE0B22874F14B5BBE79F5CE /* Urbanist-Thin.ttf */ = {isa = PBXFileReference; name = "Urbanist-Thin.ttf"; path = "../src/assets/fonts/Urbanist-Thin.ttf"; sourceTree = "<group>"; fileEncoding = undefined; lastKnownFileType = unknown; explicitFileType = undefined; includeInIndex = 0; };
		4B9B2BB2DDAF4A9FA687F6F4 /* Urbanist-ThinItalic.ttf */ = {isa = PBXFileReference; name = "Urbanist-ThinItalic.ttf"; path = "../src/assets/fonts/Urbanist-ThinItalic.ttf"; sourceTree = "<group>"; fileEncoding = undefined; lastKnownFileType = unknown; explicitFileType = undefined; includeInIndex = 0; };
/* End PBXFileReference section */

/* Begin PBXFrameworksBuildPhase section */
		13B07F8C1A680F5B00A75B9A /* Frameworks */ = {
			isa = PBXFrameworksBuildPhase;
			buildActionMask = 2147483647;
			files = (
				0C80B921A6F3F58F76C31292 /* libPods-CrnaGora.a in Frameworks */,
			);
			runOnlyForDeploymentPostprocessing = 0;
		};
/* End PBXFrameworksBuildPhase section */

/* Begin PBXGroup section */
		13B07FAE1A68108700A75B9A /* CrnaGora */ = {
			isa = PBXGroup;
			children = (
				13B07FB51A68108700A75B9A /* Images.xcassets */,
				761780EC2CA45674006654EE /* AppDelegate.swift */,
				13B07FB61A68108700A75B9A /* Info.plist */,
				81AB9BB72411601600AC10FF /* LaunchScreen.storyboard */,
				13B07FB81A68108700A75B9A /* PrivacyInfo.xcprivacy */,
			);
			name = CrnaGora;
			sourceTree = "<group>";
		};
		2D16E6871FA4F8E400B85C8A /* Frameworks */ = {
			isa = PBXGroup;
			children = (
				ED297162215061F000B7C4FE /* JavaScriptCore.framework */,
				5DCACB8F33CDC322A6C60F78 /* libPods-CrnaGora.a */,
			);
			name = Frameworks;
			sourceTree = "<group>";
		};
		832341AE1AAA6A7D00B99B32 /* Libraries */ = {
			isa = PBXGroup;
			children = (
			);
			name = Libraries;
			sourceTree = "<group>";
		};
		83CBB9F61A601CBA00E9B192 = {
			isa = PBXGroup;
			children = (
				13B07FAE1A68108700A75B9A /* CrnaGora */,
				832341AE1AAA6A7D00B99B32 /* Libraries */,
				83CBBA001A601CBA00E9B192 /* Products */,
				2D16E6871FA4F8E400B85C8A /* Frameworks */,
				BBD78D7AC51CEA395F1C20DB /* Pods */,
				1AE987DD8D6E40249D166E54 /* Resources */,
			);
			indentWidth = 2;
			sourceTree = "<group>";
			tabWidth = 2;
			usesTabs = 0;
		};
		83CBBA001A601CBA00E9B192 /* Products */ = {
			isa = PBXGroup;
			children = (
				13B07F961A680F5B00A75B9A /* CrnaGora.app */,
			);
			name = Products;
			sourceTree = "<group>";
		};
		BBD78D7AC51CEA395F1C20DB /* Pods */ = {
			isa = PBXGroup;
			children = (
				3B4392A12AC88292D35C810B /* Pods-CrnaGora.debug.xcconfig */,
				5709B34CF0A7D63546082F79 /* Pods-CrnaGora.release.xcconfig */,
			);
			path = Pods;
			sourceTree = "<group>";
		};
		1AE987DD8D6E40249D166E54 /* Resources */ = {
			isa = "PBXGroup";
			children = (
				49A920C4D6FA42B39194E3A7 /* Urbanist-Black.ttf */,
				DCD934B227A143C0A557AB66 /* Urbanist-BlackItalic.ttf */,
				9A73543910394386A29323FF /* Urbanist-Bold.ttf */,
				5A1E210C521E43F6B96E1DA9 /* Urbanist-BoldItalic.ttf */,
				C3EE76BB5414402486A4C138 /* Urbanist-ExtraBold.ttf */,
				499235137EB5483EB462D163 /* Urbanist-ExtraBoldItalic.ttf */,
				DA84CF57C2A54BAC8CF31F49 /* Urbanist-ExtraLight.ttf */,
				6C671414C74D45BAA8425BCE /* Urbanist-ExtraLightItalic.ttf */,
				C489B896FAE643C7B4154411 /* Urbanist-Italic.ttf */,
				F4F7A149BB7B494A996217A8 /* Urbanist-Light.ttf */,
				37A3F82F242543FAAF538737 /* Urbanist-LightItalic.ttf */,
				A10A864F7C334E67ACD3E9FF /* Urbanist-Medium.ttf */,
				CE47EC96D1134A7594985356 /* Urbanist-MediumItalic.ttf */,
				F86B847E1F5949D796E4594A /* Urbanist-Regular.ttf */,
				634DCB002D884F44AD7E430B /* Urbanist-SemiBold.ttf */,
				D3E0E15A669546C69EBAE533 /* Urbanist-SemiBoldItalic.ttf */,
				9EE0B22874F14B5BBE79F5CE /* Urbanist-Thin.ttf */,
				4B9B2BB2DDAF4A9FA687F6F4 /* Urbanist-ThinItalic.ttf */,
			);
			name = Resources;
			sourceTree = "<group>";
			path = "";
		};
/* End PBXGroup section */

/* Begin PBXNativeTarget section */
		13B07F861A680F5B00A75B9A /* CrnaGora */ = {
			isa = PBXNativeTarget;
			buildConfigurationList = 13B07F931A680F5B00A75B9A /* Build configuration list for PBXNativeTarget "CrnaGora" */;
			buildPhases = (
				C38B50BA6285516D6DCD4F65 /* [CP] Check Pods Manifest.lock */,
				13B07F871A680F5B00A75B9A /* Sources */,
				13B07F8C1A680F5B00A75B9A /* Frameworks */,
				13B07F8E1A680F5B00A75B9A /* Resources */,
				00DD1BFF1BD5951E006B06BC /* Bundle React Native code and images */,
				00EEFC60759A1932668264C0 /* [CP] Embed Pods Frameworks */,
				E235C05ADACE081382539298 /* [CP] Copy Pods Resources */,
			);
			buildRules = (
			);
			dependencies = (
			);
			name = CrnaGora;
			productName = CrnaGora;
			productReference = 13B07F961A680F5B00A75B9A /* CrnaGora.app */;
			productType = "com.apple.product-type.application";
		};
/* End PBXNativeTarget section */

/* Begin PBXProject section */
		83CBB9F71A601CBA00E9B192 /* Project object */ = {
			isa = PBXProject;
			attributes = {
				LastUpgradeCheck = 1210;
				TargetAttributes = {
					13B07F861A680F5B00A75B9A = {
						LastSwiftMigration = 1120;
					};
				};
			};
			buildConfigurationList = 83CBB9FA1A601CBA00E9B192 /* Build configuration list for PBXProject "CrnaGora" */;
			compatibilityVersion = "Xcode 12.0";
			developmentRegion = en;
			hasScannedForEncodings = 0;
			knownRegions = (
				en,
				Base,
			);
			mainGroup = 83CBB9F61A601CBA00E9B192;
			productRefGroup = 83CBBA001A601CBA00E9B192 /* Products */;
			projectDirPath = "";
			projectRoot = "";
			targets = (
				13B07F861A680F5B00A75B9A /* CrnaGora */,
			);
		};
/* End PBXProject section */

/* Begin PBXResourcesBuildPhase section */
		13B07F8E1A680F5B00A75B9A /* Resources */ = {
			isa = PBXResourcesBuildPhase;
			buildActionMask = 2147483647;
			files = (
				81AB9BB82411601600AC10FF /* LaunchScreen.storyboard in Resources */,
				13B07FBF1A68108700A75B9A /* Images.xcassets in Resources */,
				5724732292F842F2B7908C7E /* Urbanist-Black.ttf in Resources */,
				75C9E65099AA4F94A94ABA25 /* Urbanist-BlackItalic.ttf in Resources */,
				A7F9196521CE42D889E9849A /* Urbanist-Bold.ttf in Resources */,
				D03E7B121DA54D27A114ACCB /* Urbanist-BoldItalic.ttf in Resources */,
				4ADC2501BD8D40CFA9EC138A /* Urbanist-ExtraBold.ttf in Resources */,
				C667E6E69A4740A282975F68 /* Urbanist-ExtraBoldItalic.ttf in Resources */,
				1C0B7B7054A2485087E23375 /* Urbanist-ExtraLight.ttf in Resources */,
				7AA9CFBA2A2E44EBBDEFCEFD /* Urbanist-ExtraLightItalic.ttf in Resources */,
				EB27DB257C42495DA3DE4644 /* Urbanist-Italic.ttf in Resources */,
				0871B286ABDC4AABA2C164A4 /* Urbanist-Light.ttf in Resources */,
				5E578682485347A49DB7B171 /* Urbanist-LightItalic.ttf in Resources */,
				8CDABAC9EDA6408DAFFEE573 /* Urbanist-Medium.ttf in Resources */,
				45E784CA151E4469B3FE6767 /* Urbanist-MediumItalic.ttf in Resources */,
				50F2897F6B0A46C3AF828C54 /* Urbanist-Regular.ttf in Resources */,
				BC4FD9C6029843F2B803C2BD /* Urbanist-SemiBold.ttf in Resources */,
				D333D4889E5B45BEA68C5FBE /* Urbanist-SemiBoldItalic.ttf in Resources */,
				2D60838FE3E24672BAB8E164 /* Urbanist-Thin.ttf in Resources */,
				F32BBC0ABF2D4F228954B8E3 /* Urbanist-ThinItalic.ttf in Resources */,
			);
			runOnlyForDeploymentPostprocessing = 0;
		};
/* End PBXResourcesBuildPhase section */

/* Begin PBXShellScriptBuildPhase section */
		00DD1BFF1BD5951E006B06BC /* Bundle React Native code and images */ = {
			isa = PBXShellScriptBuildPhase;
			buildActionMask = 2147483647;
			files = (
			);
			inputPaths = (
				"$(SRCROOT)/.xcode.env.local",
				"$(SRCROOT)/.xcode.env",
			);
			name = "Bundle React Native code and images";
			outputPaths = (
			);
			runOnlyForDeploymentPostprocessing = 0;
			shellPath = /bin/sh;
			shellScript = "set -e\n\nWITH_ENVIRONMENT=\"$REACT_NATIVE_PATH/scripts/xcode/with-environment.sh\"\nREACT_NATIVE_XCODE=\"$REACT_NATIVE_PATH/scripts/react-native-xcode.sh\"\n\n/bin/sh -c \"\\\"$WITH_ENVIRONMENT\\\" \\\"$REACT_NATIVE_XCODE\\\"\"\n";
		};
		00EEFC60759A1932668264C0 /* [CP] Embed Pods Frameworks */ = {
			isa = PBXShellScriptBuildPhase;
			buildActionMask = 2147483647;
			files = (
			);
			inputFileListPaths = (
				"${PODS_ROOT}/Target Support Files/Pods-CrnaGora/Pods-CrnaGora-frameworks-${CONFIGURATION}-input-files.xcfilelist",
			);
			name = "[CP] Embed Pods Frameworks";
			outputFileListPaths = (
				"${PODS_ROOT}/Target Support Files/Pods-CrnaGora/Pods-CrnaGora-frameworks-${CONFIGURATION}-output-files.xcfilelist",
			);
			runOnlyForDeploymentPostprocessing = 0;
			shellPath = /bin/sh;
			shellScript = "\"${PODS_ROOT}/Target Support Files/Pods-CrnaGora/Pods-CrnaGora-frameworks.sh\"\n";
			showEnvVarsInLog = 0;
		};
		C38B50BA6285516D6DCD4F65 /* [CP] Check Pods Manifest.lock */ = {
			isa = PBXShellScriptBuildPhase;
			buildActionMask = 2147483647;
			files = (
			);
			inputFileListPaths = (
			);
			inputPaths = (
				"${PODS_PODFILE_DIR_PATH}/Podfile.lock",
				"${PODS_ROOT}/Manifest.lock",
			);
			name = "[CP] Check Pods Manifest.lock";
			outputFileListPaths = (
			);
			outputPaths = (
				"$(DERIVED_FILE_DIR)/Pods-CrnaGora-checkManifestLockResult.txt",
			);
			runOnlyForDeploymentPostprocessing = 0;
			shellPath = /bin/sh;
			shellScript = "diff \"${PODS_PODFILE_DIR_PATH}/Podfile.lock\" \"${PODS_ROOT}/Manifest.lock\" > /dev/null\nif [ $? != 0 ] ; then\n    # print error to STDERR\n    echo \"error: The sandbox is not in sync with the Podfile.lock. Run 'pod install' or update your CocoaPods installation.\" >&2\n    exit 1\nfi\n# This output is used by Xcode 'outputs' to avoid re-running this script phase.\necho \"SUCCESS\" > \"${SCRIPT_OUTPUT_FILE_0}\"\n";
			showEnvVarsInLog = 0;
		};
		E235C05ADACE081382539298 /* [CP] Copy Pods Resources */ = {
			isa = PBXShellScriptBuildPhase;
			buildActionMask = 2147483647;
			files = (
			);
			inputFileListPaths = (
				"${PODS_ROOT}/Target Support Files/Pods-CrnaGora/Pods-CrnaGora-resources-${CONFIGURATION}-input-files.xcfilelist",
			);
			name = "[CP] Copy Pods Resources";
			outputFileListPaths = (
				"${PODS_ROOT}/Target Support Files/Pods-CrnaGora/Pods-CrnaGora-resources-${CONFIGURATION}-output-files.xcfilelist",
			);
			runOnlyForDeploymentPostprocessing = 0;
			shellPath = /bin/sh;
			shellScript = "\"${PODS_ROOT}/Target Support Files/Pods-CrnaGora/Pods-CrnaGora-resources.sh\"\n";
			showEnvVarsInLog = 0;
		};
/* End PBXShellScriptBuildPhase section */

/* Begin PBXSourcesBuildPhase section */
		13B07F871A680F5B00A75B9A /* Sources */ = {
			isa = PBXSourcesBuildPhase;
			buildActionMask = 2147483647;
			files = (
				761780ED2CA45674006654EE /* AppDelegate.swift in Sources */,
			);
			runOnlyForDeploymentPostprocessing = 0;
		};
/* End PBXSourcesBuildPhase section */

/* Begin XCBuildConfiguration section */
		13B07F941A680F5B00A75B9A /* Debug */ = {
			isa = XCBuildConfiguration;
			baseConfigurationReference = 3B4392A12AC88292D35C810B /* Pods-CrnaGora.debug.xcconfig */;
			buildSettings = {
				ASSETCATALOG_COMPILER_APPICON_NAME = AppIcon;
				CLANG_ENABLE_MODULES = YES;
				CURRENT_PROJECT_VERSION = 1;
				ENABLE_BITCODE = NO;
				INFOPLIST_FILE = CrnaGora/Info.plist;
				IPHONEOS_DEPLOYMENT_TARGET = 15.1;
				LD_RUNPATH_SEARCH_PATHS = (
					"$(inherited)",
					"@executable_path/Frameworks",
				);
				MARKETING_VERSION = 1.0;
				OTHER_LDFLAGS = (
					"$(inherited)",
					"-ObjC",
					"-lc++",
				);
				PRODUCT_BUNDLE_IDENTIFIER = "org.reactjs.native.example.$(PRODUCT_NAME:rfc1034identifier)";
				PRODUCT_NAME = CrnaGora;
				SUPPORTED_PLATFORMS = "iphoneos iphonesimulator";
				SWIFT_OPTIMIZATION_LEVEL = "-Onone";
				SWIFT_VERSION = 5.0;
				TARGETED_DEVICE_FAMILY = "1,2";
				VERSIONING_SYSTEM = "apple-generic";
			};
			name = Debug;
		};
		13B07F951A680F5B00A75B9A /* Release */ = {
			isa = XCBuildConfiguration;
			baseConfigurationReference = 5709B34CF0A7D63546082F79 /* Pods-CrnaGora.release.xcconfig */;
			buildSettings = {
				ASSETCATALOG_COMPILER_APPICON_NAME = AppIcon;
				CLANG_ENABLE_MODULES = YES;
				CURRENT_PROJECT_VERSION = 1;
				INFOPLIST_FILE = CrnaGora/Info.plist;
				IPHONEOS_DEPLOYMENT_TARGET = 15.1;
				LD_RUNPATH_SEARCH_PATHS = (
					"$(inherited)",
					"@executable_path/Frameworks",
				);
				MARKETING_VERSION = 1.0;
				OTHER_LDFLAGS = (
					"$(inherited)",
					"-ObjC",
					"-lc++",
				);
				PRODUCT_BUNDLE_IDENTIFIER = "org.reactjs.native.example.$(PRODUCT_NAME:rfc1034identifier)";
				PRODUCT_NAME = CrnaGora;
				SUPPORTED_PLATFORMS = "iphoneos iphonesimulator";
				SWIFT_VERSION = 5.0;
				TARGETED_DEVICE_FAMILY = "1,2";
				VERSIONING_SYSTEM = "apple-generic";
			};
			name = Release;
		};
		83CBBA201A601CBA00E9B192 /* Debug */ = {
			isa = XCBuildConfiguration;
			buildSettings = {
				ALWAYS_SEARCH_USER_PATHS = NO;
				CLANG_ANALYZER_LOCALIZABILITY_NONLOCALIZED = YES;
				CLANG_CXX_LANGUAGE_STANDARD = "c++20";
				CLANG_CXX_LIBRARY = "libc++";
				CLANG_ENABLE_MODULES = YES;
				CLANG_ENABLE_OBJC_ARC = YES;
				CLANG_WARN_BLOCK_CAPTURE_AUTORELEASING = YES;
				CLANG_WARN_BOOL_CONVERSION = YES;
				CLANG_WARN_COMMA = YES;
				CLANG_WARN_CONSTANT_CONVERSION = YES;
				CLANG_WARN_DEPRECATED_OBJC_IMPLEMENTATIONS = YES;
				CLANG_WARN_DIRECT_OBJC_ISA_USAGE = YES_ERROR;
				CLANG_WARN_EMPTY_BODY = YES;
				CLANG_WARN_ENUM_CONVERSION = YES;
				CLANG_WARN_INFINITE_RECURSION = YES;
				CLANG_WARN_INT_CONVERSION = YES;
				CLANG_WARN_NON_LITERAL_NULL_CONVERSION = YES;
				CLANG_WARN_OBJC_IMPLICIT_RETAIN_SELF = YES;
				CLANG_WARN_OBJC_LITERAL_CONVERSION = YES;
				CLANG_WARN_OBJC_ROOT_CLASS = YES_ERROR;
				CLANG_WARN_QUOTED_INCLUDE_IN_FRAMEWORK_HEADER = YES;
				CLANG_WARN_RANGE_LOOP_ANALYSIS = YES;
				CLANG_WARN_STRICT_PROTOTYPES = YES;
				CLANG_WARN_SUSPICIOUS_MOVE = YES;
				CLANG_WARN_UNREACHABLE_CODE = YES;
				CLANG_WARN__DUPLICATE_METHOD_MATCH = YES;
				"CODE_SIGN_IDENTITY[sdk=iphoneos*]" = "iPhone Developer";
				COPY_PHASE_STRIP = NO;
				ENABLE_STRICT_OBJC_MSGSEND = YES;
				ENABLE_TESTABILITY = YES;
				"EXCLUDED_ARCHS[sdk=iphonesimulator*]" = "";
				GCC_C_LANGUAGE_STANDARD = gnu99;
				GCC_DYNAMIC_NO_PIC = NO;
				GCC_NO_COMMON_BLOCKS = YES;
				GCC_OPTIMIZATION_LEVEL = 0;
				GCC_PREPROCESSOR_DEFINITIONS = (
					"DEBUG=1",
					"$(inherited)",
				);
				GCC_SYMBOLS_PRIVATE_EXTERN = NO;
				GCC_WARN_64_TO_32_BIT_CONVERSION = YES;
				GCC_WARN_ABOUT_RETURN_TYPE = YES_ERROR;
				GCC_WARN_UNDECLARED_SELECTOR = YES;
				GCC_WARN_UNINITIALIZED_AUTOS = YES_AGGRESSIVE;
				GCC_WARN_UNUSED_FUNCTION = YES;
				GCC_WARN_UNUSED_VARIABLE = YES;
				IPHONEOS_DEPLOYMENT_TARGET = 15.1;
				LD_RUNPATH_SEARCH_PATHS = (
					/usr/lib/swift,
					"$(inherited)",
				);
				LIBRARY_SEARCH_PATHS = (
					"\"$(SDKROOT)/usr/lib/swift\"",
					"\"$(TOOLCHAIN_DIR)/usr/lib/swift/$(PLATFORM_NAME)\"",
					"\"$(inherited)\"",
				);
				MTL_ENABLE_DEBUG_INFO = YES;
				ONLY_ACTIVE_ARCH = YES;
				OTHER_CPLUSPLUSFLAGS = (
					"$(OTHER_CFLAGS)",
					"-DFOLLY_NO_CONFIG",
					"-DFOLLY_MOBILE=1",
					"-DFOLLY_USE_LIBCPP=1",
					"-DFOLLY_CFG_NO_COROUTINES=1",
					"-DFOLLY_HAVE_CLOCK_GETTIME=1",
				);
				SDKROOT = iphoneos;
			};
			name = Debug;
		};
		83CBBA211A601CBA00E9B192 /* Release */ = {
			isa = XCBuildConfiguration;
			buildSettings = {
				ALWAYS_SEARCH_USER_PATHS = NO;
				CLANG_ANALYZER_LOCALIZABILITY_NONLOCALIZED = YES;
				CLANG_CXX_LANGUAGE_STANDARD = "c++20";
				CLANG_CXX_LIBRARY = "libc++";
				CLANG_ENABLE_MODULES = YES;
				CLANG_ENABLE_OBJC_ARC = YES;
				CLANG_WARN_BLOCK_CAPTURE_AUTORELEASING = YES;
				CLANG_WARN_BOOL_CONVERSION = YES;
				CLANG_WARN_COMMA = YES;
				CLANG_WARN_CONSTANT_CONVERSION = YES;
				CLANG_WARN_DEPRECATED_OBJC_IMPLEMENTATIONS = YES;
				CLANG_WARN_DIRECT_OBJC_ISA_USAGE = YES_ERROR;
				CLANG_WARN_EMPTY_BODY = YES;
				CLANG_WARN_ENUM_CONVERSION = YES;
				CLANG_WARN_INFINITE_RECURSION = YES;
				CLANG_WARN_INT_CONVERSION = YES;
				CLANG_WARN_NON_LITERAL_NULL_CONVERSION = YES;
				CLANG_WARN_OBJC_IMPLICIT_RETAIN_SELF = YES;
				CLANG_WARN_OBJC_LITERAL_CONVERSION = YES;
				CLANG_WARN_OBJC_ROOT_CLASS = YES_ERROR;
				CLANG_WARN_QUOTED_INCLUDE_IN_FRAMEWORK_HEADER = YES;
				CLANG_WARN_RANGE_LOOP_ANALYSIS = YES;
				CLANG_WARN_STRICT_PROTOTYPES = YES;
				CLANG_WARN_SUSPICIOUS_MOVE = YES;
				CLANG_WARN_UNREACHABLE_CODE = YES;
				CLANG_WARN__DUPLICATE_METHOD_MATCH = YES;
				"CODE_SIGN_IDENTITY[sdk=iphoneos*]" = "iPhone Developer";
				COPY_PHASE_STRIP = YES;
				ENABLE_NS_ASSERTIONS = NO;
				ENABLE_STRICT_OBJC_MSGSEND = YES;
				"EXCLUDED_ARCHS[sdk=iphonesimulator*]" = "";
				GCC_C_LANGUAGE_STANDARD = gnu99;
				GCC_NO_COMMON_BLOCKS = YES;
				GCC_WARN_64_TO_32_BIT_CONVERSION = YES;
				GCC_WARN_ABOUT_RETURN_TYPE = YES_ERROR;
				GCC_WARN_UNDECLARED_SELECTOR = YES;
				GCC_WARN_UNINITIALIZED_AUTOS = YES_AGGRESSIVE;
				GCC_WARN_UNUSED_FUNCTION = YES;
				GCC_WARN_UNUSED_VARIABLE = YES;
				IPHONEOS_DEPLOYMENT_TARGET = 15.1;
				LD_RUNPATH_SEARCH_PATHS = (
					/usr/lib/swift,
					"$(inherited)",
				);
				LIBRARY_SEARCH_PATHS = (
					"\"$(SDKROOT)/usr/lib/swift\"",
					"\"$(TOOLCHAIN_DIR)/usr/lib/swift/$(PLATFORM_NAME)\"",
					"\"$(inherited)\"",
				);
				MTL_ENABLE_DEBUG_INFO = NO;
				OTHER_CPLUSPLUSFLAGS = (
					"$(OTHER_CFLAGS)",
					"-DFOLLY_NO_CONFIG",
					"-DFOLLY_MOBILE=1",
					"-DFOLLY_USE_LIBCPP=1",
					"-DFOLLY_CFG_NO_COROUTINES=1",
					"-DFOLLY_HAVE_CLOCK_GETTIME=1",
				);
				SDKROOT = iphoneos;
				VALIDATE_PRODUCT = YES;
			};
			name = Release;
		};
/* End XCBuildConfiguration section */

/* Begin XCConfigurationList section */
		13B07F931A680F5B00A75B9A /* Build configuration list for PBXNativeTarget "CrnaGora" */ = {
			isa = XCConfigurationList;
			buildConfigurations = (
				13B07F941A680F5B00A75B9A /* Debug */,
				13B07F951A680F5B00A75B9A /* Release */,
			);
			defaultConfigurationIsVisible = 0;
			defaultConfigurationName = Release;
		};
		83CBB9FA1A601CBA00E9B192 /* Build configuration list for PBXProject "CrnaGora" */ = {
			isa = XCConfigurationList;
			buildConfigurations = (
				83CBBA201A601CBA00E9B192 /* Debug */,
				83CBBA211A601CBA00E9B192 /* Release */,
			);
			defaultConfigurationIsVisible = 0;
			defaultConfigurationName = Release;
		};
/* End XCConfigurationList section */
	};
	rootObject = 83CBB9F71A601CBA00E9B192 /* Project object */;
}
